
Microsoft Visual Studio Solution File, Format Version 12.00
# Visual Studio Version 17
VisualStudioVersion = 17.3.32922.545
MinimumVisualStudioVersion = 10.0.40219.1
Project("{9A19103F-16F7-4668-BE54-9A1E7A4F7556}") = "MallManagment.Server", "MallManagment\Server\MallManagment.Server.csproj", "{06A64189-0FAB-4FAB-BA18-46DB894F6C4E}"
EndProject
Project("{9A19103F-16F7-4668-BE54-9A1E7A4F7556}") = "MallManagment.Client", "MallManagment\Client\MallManagment.Client.csproj", "{995520F1-9C4B-4D25-AC25-982CF108732D}"
EndProject
Project("{9A19103F-16F7-4668-BE54-9A1E7A4F7556}") = "MallManagment.Shared", "MallManagment\Shared\MallManagment.Shared.csproj", "{F689C9A8-F1AB-4F16-B5A7-6DE002DEB9C2}"
EndProject
Global
	GlobalSection(SolutionConfigurationPlatforms) = preSolution
		Debug|Any CPU = Debug|Any CPU
		Release|Any CPU = Release|Any CPU
	EndGlobalSection
	GlobalSection(ProjectConfigurationPlatforms) = postSolution
		{06A64189-0FAB-4FAB-BA18-46DB894F6C4E}.Debug|Any CPU.ActiveCfg = Debug|Any CPU
		{06A64189-0FAB-4FAB-BA18-46DB894F6C4E}.Debug|Any CPU.Build.0 = Debug|Any CPU
		{06A64189-0FAB-4FAB-BA18-46DB894F6C4E}.Release|Any CPU.ActiveCfg = Release|Any CPU
		{06A64189-0FAB-4FAB-BA18-46DB894F6C4E}.Release|Any CPU.Build.0 = Release|Any CPU
		{995520F1-9C4B-4D25-AC25-982CF108732D}.Debug|Any CPU.ActiveCfg = Debug|Any CPU
		{995520F1-9C4B-4D25-AC25-982CF108732D}.Debug|Any CPU.Build.0 = Debug|Any CPU
		{995520F1-9C4B-4D25-AC25-982CF108732D}.Release|Any CPU.ActiveCfg = Release|Any CPU
		{995520F1-9C4B-4D25-AC25-982CF108732D}.Release|Any CPU.Build.0 = Release|Any CPU
		{F689C9A8-F1AB-4F16-B5A7-6DE002DEB9C2}.Debug|Any CPU.ActiveCfg = Debug|Any CPU
		{F689C9A8-F1AB-4F16-B5A7-6DE002DEB9C2}.Debug|Any CPU.Build.0 = Debug|Any CPU
		{F689C9A8-F1AB-4F16-B5A7-6DE002DEB9C2}.Release|Any CPU.ActiveCfg = Release|Any CPU
		{F689C9A8-F1AB-4F16-B5A7-6DE002DEB9C2}.Release|Any CPU.Build.0 = Release|Any CPU
	EndGlobalSection
	GlobalSection(SolutionProperties) = preSolution
		HideSolutionNode = FALSE
	EndGlobalSection
	GlobalSection(ExtensibilityGlobals) = postSolution
		SolutionGuid = {6DB8E471-1D27-4DD5-B0A1-D7B225BDD7F1}
	EndGlobalSection
EndGlobal
