
Microsoft Visual Studio Solution File, Format Version 12.00
# Visual Studio Version 17
VisualStudioVersion = 17.3.32922.545
MinimumVisualStudioVersion = 10.0.40219.1
Project("{FAE04EC0-301F-11D3-BF4B-00C04F79EFBC}") = "MallManagment.Api", "MallManagment.Api\MallManagment.Api.csproj", "{CF23AB9A-AE40-40C2-A5E8-3690B0DBCCF0}"
EndProject
Project("{FAE04EC0-301F-11D3-BF4B-00C04F79EFBC}") = "MallManagment.Models", "MallManagment.Models\MallManagment.Models.csproj", "{1463FBE0-6B0A-405A-85CC-BEABDCF593B2}"
EndProject
Project("{FAE04EC0-301F-11D3-BF4B-00C04F79EFBC}") = "MallManagment.Web", "MallManagment.Web\MallManagment.Web.csproj", "{1549C363-7097-448A-B17B-C0D5646788BA}"
EndProject
Global
	GlobalSection(SolutionConfigurationPlatforms) = preSolution
		Debug|Any CPU = Debug|Any CPU
		Release|Any CPU = Release|Any CPU
	EndGlobalSection
	GlobalSection(ProjectConfigurationPlatforms) = postSolution
		{CF23AB9A-AE40-40C2-A5E8-3690B0DBCCF0}.Debug|Any CPU.ActiveCfg = Debug|Any CPU
		{CF23AB9A-AE40-40C2-A5E8-3690B0DBCCF0}.Debug|Any CPU.Build.0 = Debug|Any CPU
		{CF23AB9A-AE40-40C2-A5E8-3690B0DBCCF0}.Release|Any CPU.ActiveCfg = Release|Any CPU
		{CF23AB9A-AE40-40C2-A5E8-3690B0DBCCF0}.Release|Any CPU.Build.0 = Release|Any CPU
		{1463FBE0-6B0A-405A-85CC-BEABDCF593B2}.Debug|Any CPU.ActiveCfg = Debug|Any CPU
		{1463FBE0-6B0A-405A-85CC-BEABDCF593B2}.Debug|Any CPU.Build.0 = Debug|Any CPU
		{1463FBE0-6B0A-405A-85CC-BEABDCF593B2}.Release|Any CPU.ActiveCfg = Release|Any CPU
		{1463FBE0-6B0A-405A-85CC-BEABDCF593B2}.Release|Any CPU.Build.0 = Release|Any CPU
		{1549C363-7097-448A-B17B-C0D5646788BA}.Debug|Any CPU.ActiveCfg = Debug|Any CPU
		{1549C363-7097-448A-B17B-C0D5646788BA}.Debug|Any CPU.Build.0 = Debug|Any CPU
		{1549C363-7097-448A-B17B-C0D5646788BA}.Release|Any CPU.ActiveCfg = Release|Any CPU
		{1549C363-7097-448A-B17B-C0D5646788BA}.Release|Any CPU.Build.0 = Release|Any CPU
	EndGlobalSection
	GlobalSection(SolutionProperties) = preSolution
		HideSolutionNode = FALSE
	EndGlobalSection
	GlobalSection(ExtensibilityGlobals) = postSolution
		SolutionGuid = {6DB8E471-1D27-4DD5-B0A1-D7B225BDD7F1}
	EndGlobalSection
EndGlobal
